
Microsoft Visual Studio Solution File, Format Version 12.00
# Visual Studio 15
VisualStudioVersion = 15.0.28307.757
MinimumVisualStudioVersion = 10.0.40219.1
Project("{FAE04EC0-301F-11D3-BF4B-00C04F79EFBC}") = "GbNet", "GbNet\GbNet.csproj", "{4EB0815E-D4D4-4EE1-BD50-7BF4D7AA4E17}"
EndProject
Project("{FAE04EC0-301F-11D3-BF4B-00C04F79EFBC}") = "EightBit", "libraries\EightBitNet\EightBit\EightBit.csproj", "{6EBF8857-62A3-4EF4-AF21-C1844031D7E4}"
EndProject
Project("{FAE04EC0-301F-11D3-BF4B-00C04F79EFBC}") = "LR35902", "libraries\EightBitNet\LR35902\LR35902.csproj", "{01F61A1D-CB4A-4EA3-96EF-222F831DF483}"
EndProject
Project("{FAE04EC0-301F-11D3-BF4B-00C04F79EFBC}") = "GbSoundEmuNet", "GbSoundEmuNet\GbSoundEmuNet.csproj", "{CC8F4E89-576B-4455-AA3F-7D9BD8A7C181}"
EndProject
Global
	GlobalSection(SolutionConfigurationPlatforms) = preSolution
		Debug|Any CPU = Debug|Any CPU
		Release|Any CPU = Release|Any CPU
	EndGlobalSection
	GlobalSection(ProjectConfigurationPlatforms) = postSolution
		{4EB0815E-D4D4-4EE1-BD50-7BF4D7AA4E17}.Debug|Any CPU.ActiveCfg = Debug|Any CPU
		{4EB0815E-D4D4-4EE1-BD50-7BF4D7AA4E17}.Debug|Any CPU.Build.0 = Debug|Any CPU
		{4EB0815E-D4D4-4EE1-BD50-7BF4D7AA4E17}.Release|Any CPU.ActiveCfg = Release|Any CPU
		{4EB0815E-D4D4-4EE1-BD50-7BF4D7AA4E17}.Release|Any CPU.Build.0 = Release|Any CPU
		{6EBF8857-62A3-4EF4-AF21-C1844031D7E4}.Debug|Any CPU.ActiveCfg = Debug|Any CPU
		{6EBF8857-62A3-4EF4-AF21-C1844031D7E4}.Debug|Any CPU.Build.0 = Debug|Any CPU
		{6EBF8857-62A3-4EF4-AF21-C1844031D7E4}.Release|Any CPU.ActiveCfg = Release|Any CPU
		{6EBF8857-62A3-4EF4-AF21-C1844031D7E4}.Release|Any CPU.Build.0 = Release|Any CPU
		{01F61A1D-CB4A-4EA3-96EF-222F831DF483}.Debug|Any CPU.ActiveCfg = Debug|Any CPU
		{01F61A1D-CB4A-4EA3-96EF-222F831DF483}.Debug|Any CPU.Build.0 = Debug|Any CPU
		{01F61A1D-CB4A-4EA3-96EF-222F831DF483}.Release|Any CPU.ActiveCfg = Release|Any CPU
		{01F61A1D-CB4A-4EA3-96EF-222F831DF483}.Release|Any CPU.Build.0 = Release|Any CPU
		{CC8F4E89-576B-4455-AA3F-7D9BD8A7C181}.Debug|Any CPU.ActiveCfg = Debug|Any CPU
		{CC8F4E89-576B-4455-AA3F-7D9BD8A7C181}.Debug|Any CPU.Build.0 = Debug|Any CPU
		{CC8F4E89-576B-4455-AA3F-7D9BD8A7C181}.Release|Any CPU.ActiveCfg = Release|Any CPU
		{CC8F4E89-576B-4455-AA3F-7D9BD8A7C181}.Release|Any CPU.Build.0 = Release|Any CPU
	EndGlobalSection
	GlobalSection(SolutionProperties) = preSolution
		HideSolutionNode = FALSE
	EndGlobalSection
	GlobalSection(ExtensibilityGlobals) = postSolution
		SolutionGuid = {EF742F65-4C6E-4985-A1F8-EF26FF3D88BB}
	EndGlobalSection
EndGlobal
